
Microsoft Visual Studio Solution File, Format Version 12.00
Project("{FAE04EC0-301F-11D3-BF4B-00C04F79EFBC}") = "Single.Responsability.Principle", "Single.Responsability.Principle\Single.Responsability.Principle.csproj", "{5EC57730-AEDF-4A3C-90A6-B0D5C50B339C}"
EndProject
Project("{FAE04EC0-301F-11D3-BF4B-00C04F79EFBC}") = "Open.Closed.Principle", "Open.Closed.Principle\Open.Closed.Principle.csproj", "{2DBD619B-5397-43CF-ACA5-1E79633894EC}"
EndProject
Project("{FAE04EC0-301F-11D3-BF4B-00C04F79EFBC}") = "Liskov.Substitution.Principle", "Liskov.Substitution.Principle\Liskov.Substitution.Principle.csproj", "{1097170C-395F-4B4A-BA45-C77A5A65949F}"
EndProject
Project("{FAE04EC0-301F-11D3-BF4B-00C04F79EFBC}") = "Interface.Segration.Principle", "Interface.Segration.Principle\Interface.Segration.Principle.csproj", "{AFDCCA82-3E03-4985-BDF9-87D15FC6EFC9}"
EndProject
Global
	GlobalSection(SolutionConfigurationPlatforms) = preSolution
		Debug|Any CPU = Debug|Any CPU
		Release|Any CPU = Release|Any CPU
	EndGlobalSection
	GlobalSection(ProjectConfigurationPlatforms) = postSolution
		{5EC57730-AEDF-4A3C-90A6-B0D5C50B339C}.Debug|Any CPU.ActiveCfg = Debug|Any CPU
		{5EC57730-AEDF-4A3C-90A6-B0D5C50B339C}.Debug|Any CPU.Build.0 = Debug|Any CPU
		{5EC57730-AEDF-4A3C-90A6-B0D5C50B339C}.Release|Any CPU.ActiveCfg = Release|Any CPU
		{5EC57730-AEDF-4A3C-90A6-B0D5C50B339C}.Release|Any CPU.Build.0 = Release|Any CPU
		{2DBD619B-5397-43CF-ACA5-1E79633894EC}.Debug|Any CPU.ActiveCfg = Debug|Any CPU
		{2DBD619B-5397-43CF-ACA5-1E79633894EC}.Debug|Any CPU.Build.0 = Debug|Any CPU
		{2DBD619B-5397-43CF-ACA5-1E79633894EC}.Release|Any CPU.ActiveCfg = Release|Any CPU
		{2DBD619B-5397-43CF-ACA5-1E79633894EC}.Release|Any CPU.Build.0 = Release|Any CPU
		{1097170C-395F-4B4A-BA45-C77A5A65949F}.Debug|Any CPU.ActiveCfg = Debug|Any CPU
		{1097170C-395F-4B4A-BA45-C77A5A65949F}.Debug|Any CPU.Build.0 = Debug|Any CPU
		{1097170C-395F-4B4A-BA45-C77A5A65949F}.Release|Any CPU.ActiveCfg = Release|Any CPU
		{1097170C-395F-4B4A-BA45-C77A5A65949F}.Release|Any CPU.Build.0 = Release|Any CPU
		{AFDCCA82-3E03-4985-BDF9-87D15FC6EFC9}.Debug|Any CPU.ActiveCfg = Debug|Any CPU
		{AFDCCA82-3E03-4985-BDF9-87D15FC6EFC9}.Debug|Any CPU.Build.0 = Debug|Any CPU
		{AFDCCA82-3E03-4985-BDF9-87D15FC6EFC9}.Release|Any CPU.ActiveCfg = Release|Any CPU
		{AFDCCA82-3E03-4985-BDF9-87D15FC6EFC9}.Release|Any CPU.Build.0 = Release|Any CPU
	EndGlobalSection
EndGlobal
